Microsoft Visual Studio Solution File, Format Version 12.00
# Visual Studio Version 17
VisualStudioVersion = 17.0.31903.59
MinimumVisualStudioVersion = 10.0.40219.1
Project("{FAE04EC0-301F-11D3-BF4B-00C04F79EFBC}") = "GloryFlorence.Domain", "GloryFlorence.Domain\GloryFlorence.Domain.csproj", "{B9A36C1A-50F7-4646-9EB0-7EB3FD48EC22}"
EndProject
Project("{FAE04EC0-301F-11D3-BF4B-00C04F79EFBC}") = "GloryFlorence.Application", "GloryFlorence.Application\GloryFlorence.Application.csproj", "{6302327F-995A-4F7F-BAA7-13FB61BAE1C6}"
EndProject
Project("{FAE04EC0-301F-11D3-BF4B-00C04F79EFBC}") = "GloryFlorence.Infrastructure", "GloryFlorence.Infrastructure\GloryFlorence.Infrastructure.csproj", "{4C340E73-18B4-4911-878D-42F49601068F}"
EndProject
Project("{FAE04EC0-301F-11D3-BF4B-00C04F79EFBC}") = "GloryFlorence.API", "GloryFlorence.API\GloryFlorence.API.csproj", "{A307A816-14BB-47FE-B721-54B0BA7E100B}"
EndProject
Global
	GlobalSection(SolutionConfigurationPlatforms) = preSolution
		Debug|Any CPU = Debug|Any CPU
		Debug|x64 = Debug|x64
		Debug|x86 = Debug|x86
		Release|Any CPU = Release|Any CPU
		Release|x64 = Release|x64
		Release|x86 = Release|x86
	EndGlobalSection
	GlobalSection(ProjectConfigurationPlatforms) = postSolution
		{B9A36C1A-50F7-4646-9EB0-7EB3FD48EC22}.Debug|Any CPU.ActiveCfg = Debug|Any CPU
		{B9A36C1A-50F7-4646-9EB0-7EB3FD48EC22}.Debug|Any CPU.Build.0 = Debug|Any CPU
		{B9A36C1A-50F7-4646-9EB0-7EB3FD48EC22}.Debug|x64.ActiveCfg = Debug|Any CPU
		{B9A36C1A-50F7-4646-9EB0-7EB3FD48EC22}.Debug|x64.Build.0 = Debug|Any CPU
		{B9A36C1A-50F7-4646-9EB0-7EB3FD48EC22}.Debug|x86.ActiveCfg = Debug|Any CPU
		{B9A36C1A-50F7-4646-9EB0-7EB3FD48EC22}.Debug|x86.Build.0 = Debug|Any CPU
		{B9A36C1A-50F7-4646-9EB0-7EB3FD48EC22}.Release|Any CPU.ActiveCfg = Release|Any CPU
		{B9A36C1A-50F7-4646-9EB0-7EB3FD48EC22}.Release|Any CPU.Build.0 = Release|Any CPU
		{B9A36C1A-50F7-4646-9EB0-7EB3FD48EC22}.Release|x64.ActiveCfg = Release|Any CPU
		{B9A36C1A-50F7-4646-9EB0-7EB3FD48EC22}.Release|x64.Build.0 = Release|Any CPU
		{B9A36C1A-50F7-4646-9EB0-7EB3FD48EC22}.Release|x86.ActiveCfg = Release|Any CPU
		{B9A36C1A-50F7-4646-9EB0-7EB3FD48EC22}.Release|x86.Build.0 = Release|Any CPU
		{6302327F-995A-4F7F-BAA7-13FB61BAE1C6}.Debug|Any CPU.ActiveCfg = Debug|Any CPU
		{6302327F-995A-4F7F-BAA7-13FB61BAE1C6}.Debug|Any CPU.Build.0 = Debug|Any CPU
		{6302327F-995A-4F7F-BAA7-13FB61BAE1C6}.Debug|x64.ActiveCfg = Debug|Any CPU
		{6302327F-995A-4F7F-BAA7-13FB61BAE1C6}.Debug|x64.Build.0 = Debug|Any CPU
		{6302327F-995A-4F7F-BAA7-13FB61BAE1C6}.Debug|x86.ActiveCfg = Debug|Any CPU
		{6302327F-995A-4F7F-BAA7-13FB61BAE1C6}.Debug|x86.Build.0 = Debug|Any CPU
		{6302327F-995A-4F7F-BAA7-13FB61BAE1C6}.Release|Any CPU.ActiveCfg = Release|Any CPU
		{6302327F-995A-4F7F-BAA7-13FB61BAE1C6}.Release|Any CPU.Build.0 = Release|Any CPU
		{6302327F-995A-4F7F-BAA7-13FB61BAE1C6}.Release|x64.ActiveCfg = Release|Any CPU
		{6302327F-995A-4F7F-BAA7-13FB61BAE1C6}.Release|x64.Build.0 = Release|Any CPU
		{6302327F-995A-4F7F-BAA7-13FB61BAE1C6}.Release|x86.ActiveCfg = Release|Any CPU
		{6302327F-995A-4F7F-BAA7-13FB61BAE1C6}.Release|x86.Build.0 = Release|Any CPU
		{4C340E73-18B4-4911-878D-42F49601068F}.Debug|Any CPU.ActiveCfg = Debug|Any CPU
		{4C340E73-18B4-4911-878D-42F49601068F}.Debug|Any CPU.Build.0 = Debug|Any CPU
		{4C340E73-18B4-4911-878D-42F49601068F}.Debug|x64.ActiveCfg = Debug|Any CPU
		{4C340E73-18B4-4911-878D-42F49601068F}.Debug|x64.Build.0 = Debug|Any CPU
		{4C340E73-18B4-4911-878D-42F49601068F}.Debug|x86.ActiveCfg = Debug|Any CPU
		{4C340E73-18B4-4911-878D-42F49601068F}.Debug|x86.Build.0 = Debug|Any CPU
		{4C340E73-18B4-4911-878D-42F49601068F}.Release|Any CPU.ActiveCfg = Release|Any CPU
		{4C340E73-18B4-4911-878D-42F49601068F}.Release|Any CPU.Build.0 = Release|Any CPU
		{4C340E73-18B4-4911-878D-42F49601068F}.Release|x64.ActiveCfg = Release|Any CPU
		{4C340E73-18B4-4911-878D-42F49601068F}.Release|x64.Build.0 = Release|Any CPU
		{4C340E73-18B4-4911-878D-42F49601068F}.Release|x86.ActiveCfg = Release|Any CPU
		{4C340E73-18B4-4911-878D-42F49601068F}.Release|x86.Build.0 = Release|Any CPU
		{A307A816-14BB-47FE-B721-54B0BA7E100B}.Debug|Any CPU.ActiveCfg = Debug|Any CPU
		{A307A816-14BB-47FE-B721-54B0BA7E100B}.Debug|Any CPU.Build.0 = Debug|Any CPU
		{A307A816-14BB-47FE-B721-54B0BA7E100B}.Debug|x64.ActiveCfg = Debug|Any CPU
		{A307A816-14BB-47FE-B721-54B0BA7E100B}.Debug|x64.Build.0 = Debug|Any CPU
		{A307A816-14BB-47FE-B721-54B0BA7E100B}.Debug|x86.ActiveCfg = Debug|Any CPU
		{A307A816-14BB-47FE-B721-54B0BA7E100B}.Debug|x86.Build.0 = Debug|Any CPU
		{A307A816-14BB-47FE-B721-54B0BA7E100B}.Release|Any CPU.ActiveCfg = Release|Any CPU
		{A307A816-14BB-47FE-B721-54B0BA7E100B}.Release|Any CPU.Build.0 = Release|Any CPU
		{A307A816-14BB-47FE-B721-54B0BA7E100B}.Release|x64.ActiveCfg = Release|Any CPU
		{A307A816-14BB-47FE-B721-54B0BA7E100B}.Release|x64.Build.0 = Release|Any CPU
		{A307A816-14BB-47FE-B721-54B0BA7E100B}.Release|x86.ActiveCfg = Release|Any CPU
		{A307A816-14BB-47FE-B721-54B0BA7E100B}.Release|x86.Build.0 = Release|Any CPU
	EndGlobalSection
	GlobalSection(SolutionProperties) = preSolution
		HideSolutionNode = FALSE
	EndGlobalSection
EndGlobal
